
Microsoft Visual Studio Solution File, Format Version 12.00
# Visual Studio Version 16
VisualStudioVersion = 16.0.29411.108
MinimumVisualStudioVersion = 10.0.40219.1
Project("{FAE04EC0-301F-11D3-BF4B-00C04F79EFBC}") = "Interfacewithclasses", "Interfacewithclasses.csproj", "{1AED5ADA-9083-42EC-9D48-00304C1CAB81}"
EndProject
Global
	GlobalSection(SolutionConfigurationPlatforms) = preSolution
		Debug|Any CPU = Debug|Any CPU
		Release|Any CPU = Release|Any CPU
	EndGlobalSection
	GlobalSection(ProjectConfigurationPlatforms) = postSolution
		{1AED5ADA-9083-42EC-9D48-00304C1CAB81}.Debug|Any CPU.ActiveCfg = Debug|Any CPU
		{1AED5ADA-9083-42EC-9D48-00304C1CAB81}.Debug|Any CPU.Build.0 = Debug|Any CPU
		{1AED5ADA-9083-42EC-9D48-00304C1CAB81}.Release|Any CPU.ActiveCfg = Release|Any CPU
		{1AED5ADA-9083-42EC-9D48-00304C1CAB81}.Release|Any CPU.Build.0 = Release|Any CPU
	EndGlobalSection
	GlobalSection(SolutionProperties) = preSolution
		HideSolutionNode = FALSE
	EndGlobalSection
	GlobalSection(ExtensibilityGlobals) = postSolution
		SolutionGuid = {D8407E09-E6FA-4AAF-A6F8-42C0AD8D3C9F}
	EndGlobalSection
EndGlobal
